// !$*UTF8*$!
{
	archiveVersion = 1;
	classes = {
	};
	objectVersion = 50;
	objects = {

/* Begin PBXBuildFile section */
		89A2800324EACF0B00236A06 /* AppDelegate.swift in Sources */ = {isa = PBXBuildFile; fileRef = 89A2800224EACF0B00236A06 /* AppDelegate.swift */; };
		89A2800D24EACF0B00236A06 /* LunchPicking.xcdatamodeld in Sources */ = {isa = PBXBuildFile; fileRef = 89A2800B24EACF0B00236A06 /* LunchPicking.xcdatamodeld */; };
		89A2800F24EACF1200236A06 /* Assets.xcassets in Resources */ = {isa = PBXBuildFile; fileRef = 89A2800E24EACF1200236A06 /* Assets.xcassets */; };
		89A2801224EACF1200236A06 /* LaunchScreen.storyboard in Resources */ = {isa = PBXBuildFile; fileRef = 89A2801024EACF1200236A06 /* LaunchScreen.storyboard */; };
		89A2801D24EACF1200236A06 /* LunchPickingTests.swift in Sources */ = {isa = PBXBuildFile; fileRef = 89A2801C24EACF1200236A06 /* LunchPickingTests.swift */; };
		89A2802824EACF1300236A06 /* LunchPickingUITests.swift in Sources */ = {isa = PBXBuildFile; fileRef = 89A2802724EACF1300236A06 /* LunchPickingUITests.swift */; };
		89A2803824EAD3D500236A06 /* VC_MainPageLogin.swift in Sources */ = {isa = PBXBuildFile; fileRef = 89A2803724EAD3D500236A06 /* VC_MainPageLogin.swift */; };
/* End PBXBuildFile section */

/* Begin PBXContainerItemProxy section */
		89A2801924EACF1200236A06 /* PBXContainerItemProxy */ = {
			isa = PBXContainerItemProxy;
			containerPortal = 89A27FF724EACF0B00236A06 /* Project object */;
			proxyType = 1;
			remoteGlobalIDString = 89A27FFE24EACF0B00236A06;
			remoteInfo = LunchPicking;
		};
		89A2802424EACF1300236A06 /* PBXContainerItemProxy */ = {
			isa = PBXContainerItemProxy;
			containerPortal = 89A27FF724EACF0B00236A06 /* Project object */;
			proxyType = 1;
			remoteGlobalIDString = 89A27FFE24EACF0B00236A06;
			remoteInfo = LunchPicking;
		};
/* End PBXContainerItemProxy section */

/* Begin PBXFileReference section */
		89A27FFF24EACF0B00236A06 /* LunchPicking.app */ = {isa = PBXFileReference; explicitFileType = wrapper.application; includeInIndex = 0; path = LunchPicking.app; sourceTree = BUILT_PRODUCTS_DIR; };
		89A2800224EACF0B00236A06 /* AppDelegate.swift */ = {isa = PBXFileReference; lastKnownFileType = sourcecode.swift; path = AppDelegate.swift; sourceTree = "<group>"; };
		89A2800C24EACF0B00236A06 /* LunchPicking.xcdatamodel */ = {isa = PBXFileReference; lastKnownFileType = wrapper.xcdatamodel; path = LunchPicking.xcdatamodel; sourceTree = "<group>"; };
		89A2800E24EACF1200236A06 /* Assets.xcassets */ = {isa = PBXFileReference; lastKnownFileType = folder.assetcatalog; path = Assets.xcassets; sourceTree = "<group>"; };
		89A2801124EACF1200236A06 /* Base */ = {isa = PBXFileReference; lastKnownFileType = file.storyboard; name = Base; path = Base.lproj/LaunchScreen.storyboard; sourceTree = "<group>"; };
		89A2801324EACF1200236A06 /* Info.plist */ = {isa = PBXFileReference; lastKnownFileType = text.plist.xml; path = Info.plist; sourceTree = "<group>"; };
		89A2801824EACF1200236A06 /* LunchPickingTests.xctest */ = {isa = PBXFileReference; explicitFileType = wrapper.cfbundle; includeInIndex = 0; path = LunchPickingTests.xctest; sourceTree = BUILT_PRODUCTS_DIR; };
		89A2801C24EACF1200236A06 /* LunchPickingTests.swift */ = {isa = PBXFileReference; lastKnownFileType = sourcecode.swift; path = LunchPickingTests.swift; sourceTree = "<group>"; };
		89A2801E24EACF1200236A06 /* Info.plist */ = {isa = PBXFileReference; lastKnownFileType = text.plist.xml; path = Info.plist; sourceTree = "<group>"; };
		89A2802324EACF1300236A06 /* LunchPickingUITests.xctest */ = {isa = PBXFileReference; explicitFileType = wrapper.cfbundle; includeInIndex = 0; path = LunchPickingUITests.xctest; sourceTree = BUILT_PRODUCTS_DIR; };
		89A2802724EACF1300236A06 /* LunchPickingUITests.swift */ = {isa = PBXFileReference; lastKnownFileType = sourcecode.swift; path = LunchPickingUITests.swift; sourceTree = "<group>"; };
		89A2802924EACF1300236A06 /* Info.plist */ = {isa = PBXFileReference; lastKnownFileType = text.plist.xml; path = Info.plist; sourceTree = "<group>"; };
		89A2803724EAD3D500236A06 /* VC_MainPageLogin.swift */ = {isa = PBXFileReference; lastKnownFileType = sourcecode.swift; path = VC_MainPageLogin.swift; sourceTree = "<group>"; };
/* End PBXFileReference section */

/* Begin PBXFrameworksBuildPhase section */
		89A27FFC24EACF0B00236A06 /* Frameworks */ = {
			isa = PBXFrameworksBuildPhase;
			buildActionMask = 2147483647;
			files = (
			);
			runOnlyForDeploymentPostprocessing = 0;
		};
		89A2801524EACF1200236A06 /* Frameworks */ = {
			isa = PBXFrameworksBuildPhase;
			buildActionMask = 2147483647;
			files = (
			);
			runOnlyForDeploymentPostprocessing = 0;
		};
		89A2802024EACF1200236A06 /* Frameworks */ = {
			isa = PBXFrameworksBuildPhase;
			buildActionMask = 2147483647;
			files = (
			);
			runOnlyForDeploymentPostprocessing = 0;
		};
/* End PBXFrameworksBuildPhase section */

/* Begin PBXGroup section */
		89A27FF624EACF0B00236A06 = {
			isa = PBXGroup;
			children = (
				89A2800124EACF0B00236A06 /* LunchPicking */,
				89A2801B24EACF1200236A06 /* LunchPickingTests */,
				89A2802624EACF1300236A06 /* LunchPickingUITests */,
				89A2800024EACF0B00236A06 /* Products */,
			);
			sourceTree = "<group>";
		};
		89A2800024EACF0B00236A06 /* Products */ = {
			isa = PBXGroup;
			children = (
				89A27FFF24EACF0B00236A06 /* LunchPicking.app */,
				89A2801824EACF1200236A06 /* LunchPickingTests.xctest */,
				89A2802324EACF1300236A06 /* LunchPickingUITests.xctest */,
			);
			name = Products;
			sourceTree = "<group>";
		};
		89A2800124EACF0B00236A06 /* LunchPicking */ = {
			isa = PBXGroup;
			children = (
				89A2803624EAD3B700236A06 /* ViewControllers */,
				89A2800224EACF0B00236A06 /* AppDelegate.swift */,
				89A2803524EACF8F00236A06 /* SupportingFiles */,
			);
			path = LunchPicking;
			sourceTree = "<group>";
		};
		89A2801B24EACF1200236A06 /* LunchPickingTests */ = {
			isa = PBXGroup;
			children = (
				89A2801C24EACF1200236A06 /* LunchPickingTests.swift */,
				89A2801E24EACF1200236A06 /* Info.plist */,
			);
			path = LunchPickingTests;
			sourceTree = "<group>";
		};
		89A2802624EACF1300236A06 /* LunchPickingUITests */ = {
			isa = PBXGroup;
			children = (
				89A2802724EACF1300236A06 /* LunchPickingUITests.swift */,
				89A2802924EACF1300236A06 /* Info.plist */,
			);
			path = LunchPickingUITests;
			sourceTree = "<group>";
		};
		89A2803524EACF8F00236A06 /* SupportingFiles */ = {
			isa = PBXGroup;
			children = (
				89A2800E24EACF1200236A06 /* Assets.xcassets */,
				89A2801024EACF1200236A06 /* LaunchScreen.storyboard */,
				89A2801324EACF1200236A06 /* Info.plist */,
				89A2800B24EACF0B00236A06 /* LunchPicking.xcdatamodeld */,
			);
			path = SupportingFiles;
			sourceTree = "<group>";
		};
		89A2803624EAD3B700236A06 /* ViewControllers */ = {
			isa = PBXGroup;
			children = (
				89A2803724EAD3D500236A06 /* VC_MainPageLogin.swift */,
			);
			path = ViewControllers;
			sourceTree = "<group>";
		};
/* End PBXGroup section */

/* Begin PBXNativeTarget section */
		89A27FFE24EACF0B00236A06 /* LunchPicking */ = {
			isa = PBXNativeTarget;
			buildConfigurationList = 89A2802C24EACF1300236A06 /* Build configuration list for PBXNativeTarget "LunchPicking" */;
			buildPhases = (
				89A27FFB24EACF0B00236A06 /* Sources */,
				89A27FFC24EACF0B00236A06 /* Frameworks */,
				89A27FFD24EACF0B00236A06 /* Resources */,
			);
			buildRules = (
			);
			dependencies = (
			);
			name = LunchPicking;
			productName = LunchPicking;
			productReference = 89A27FFF24EACF0B00236A06 /* LunchPicking.app */;
			productType = "com.apple.product-type.application";
		};
		89A2801724EACF1200236A06 /* LunchPickingTests */ = {
			isa = PBXNativeTarget;
			buildConfigurationList = 89A2802F24EACF1300236A06 /* Build configuration list for PBXNativeTarget "LunchPickingTests" */;
			buildPhases = (
				89A2801424EACF1200236A06 /* Sources */,
				89A2801524EACF1200236A06 /* Frameworks */,
				89A2801624EACF1200236A06 /* Resources */,
			);
			buildRules = (
			);
			dependencies = (
				89A2801A24EACF1200236A06 /* PBXTargetDependency */,
			);
			name = LunchPickingTests;
			productName = LunchPickingTests;
			productReference = 89A2801824EACF1200236A06 /* LunchPickingTests.xctest */;
			productType = "com.apple.product-type.bundle.unit-test";
		};
		89A2802224EACF1200236A06 /* LunchPickingUITests */ = {
			isa = PBXNativeTarget;
			buildConfigurationList = 89A2803224EACF1300236A06 /* Build configuration list for PBXNativeTarget "LunchPickingUITests" */;
			buildPhases = (
				89A2801F24EACF1200236A06 /* Sources */,
				89A2802024EACF1200236A06 /* Frameworks */,
				89A2802124EACF1200236A06 /* Resources */,
			);
			buildRules = (
			);
			dependencies = (
				89A2802524EACF1300236A06 /* PBXTargetDependency */,
			);
			name = LunchPickingUITests;
			productName = LunchPickingUITests;
			productReference = 89A2802324EACF1300236A06 /* LunchPickingUITests.xctest */;
			productType = "com.apple.product-type.bundle.ui-testing";
		};
/* End PBXNativeTarget section */

/* Begin PBXProject section */
		89A27FF724EACF0B00236A06 /* Project object */ = {
			isa = PBXProject;
			attributes = {
				LastSwiftUpdateCheck = 1160;
				LastUpgradeCheck = 1160;
				ORGANIZATIONNAME = "Luu Lucas";
				TargetAttributes = {
					89A27FFE24EACF0B00236A06 = {
						CreatedOnToolsVersion = 11.6;
					};
					89A2801724EACF1200236A06 = {
						CreatedOnToolsVersion = 11.6;
						TestTargetID = 89A27FFE24EACF0B00236A06;
					};
					89A2802224EACF1200236A06 = {
						CreatedOnToolsVersion = 11.6;
						TestTargetID = 89A27FFE24EACF0B00236A06;
					};
				};
			};
			buildConfigurationList = 89A27FFA24EACF0B00236A06 /* Build configuration list for PBXProject "LunchPicking" */;
			compatibilityVersion = "Xcode 9.3";
			developmentRegion = en;
			hasScannedForEncodings = 0;
			knownRegions = (
				en,
				Base,
			);
			mainGroup = 89A27FF624EACF0B00236A06;
			productRefGroup = 89A2800024EACF0B00236A06 /* Products */;
			projectDirPath = "";
			projectRoot = "";
			targets = (
				89A27FFE24EACF0B00236A06 /* LunchPicking */,
				89A2801724EACF1200236A06 /* LunchPickingTests */,
				89A2802224EACF1200236A06 /* LunchPickingUITests */,
			);
		};
/* End PBXProject section */

/* Begin PBXResourcesBuildPhase section */
		89A27FFD24EACF0B00236A06 /* Resources */ = {
			isa = PBXResourcesBuildPhase;
			buildActionMask = 2147483647;
			files = (
				89A2801224EACF1200236A06 /* LaunchScreen.storyboard in Resources */,
				89A2800F24EACF1200236A06 /* Assets.xcassets in Resources */,
			);
			runOnlyForDeploymentPostprocessing = 0;
		};
		89A2801624EACF1200236A06 /* Resources */ = {
			isa = PBXResourcesBuildPhase;
			buildActionMask = 2147483647;
			files = (
			);
			runOnlyForDeploymentPostprocessing = 0;
		};
		89A2802124EACF1200236A06 /* Resources */ = {
			isa = PBXResourcesBuildPhase;
			buildActionMask = 2147483647;
			files = (
			);
			runOnlyForDeploymentPostprocessing = 0;
		};
/* End PBXResourcesBuildPhase section */

/* Begin PBXSourcesBuildPhase section */
		89A27FFB24EACF0B00236A06 /* Sources */ = {
			isa = PBXSourcesBuildPhase;
			buildActionMask = 2147483647;
			files = (
				89A2800D24EACF0B00236A06 /* LunchPicking.xcdatamodeld in Sources */,
				89A2800324EACF0B00236A06 /* AppDelegate.swift in Sources */,
				89A2803824EAD3D500236A06 /* VC_MainPageLogin.swift in Sources */,
			);
			runOnlyForDeploymentPostprocessing = 0;
		};
		89A2801424EACF1200236A06 /* Sources */ = {
			isa = PBXSourcesBuildPhase;
			buildActionMask = 2147483647;
			files = (
				89A2801D24EACF1200236A06 /* LunchPickingTests.swift in Sources */,
			);
			runOnlyForDeploymentPostprocessing = 0;
		};
		89A2801F24EACF1200236A06 /* Sources */ = {
			isa = PBXSourcesBuildPhase;
			buildActionMask = 2147483647;
			files = (
				89A2802824EACF1300236A06 /* LunchPickingUITests.swift in Sources */,
			);
			runOnlyForDeploymentPostprocessing = 0;
		};
/* End PBXSourcesBuildPhase section */

/* Begin PBXTargetDependency section */
		89A2801A24EACF1200236A06 /* PBXTargetDependency */ = {
			isa = PBXTargetDependency;
			target = 89A27FFE24EACF0B00236A06 /* LunchPicking */;
			targetProxy = 89A2801924EACF1200236A06 /* PBXContainerItemProxy */;
		};
		89A2802524EACF1300236A06 /* PBXTargetDependency */ = {
			isa = PBXTargetDependency;
			target = 89A27FFE24EACF0B00236A06 /* LunchPicking */;
			targetProxy = 89A2802424EACF1300236A06 /* PBXContainerItemProxy */;
		};
/* End PBXTargetDependency section */

/* Begin PBXVariantGroup section */
		89A2801024EACF1200236A06 /* LaunchScreen.storyboard */ = {
			isa = PBXVariantGroup;
			children = (
				89A2801124EACF1200236A06 /* Base */,
			);
			name = LaunchScreen.storyboard;
			sourceTree = "<group>";
		};
/* End PBXVariantGroup section */

/* Begin XCBuildConfiguration section */
		89A2802A24EACF1300236A06 /* Debug */ = {
			isa = XCBuildConfiguration;
			buildSettings = {
				ALWAYS_SEARCH_USER_PATHS = NO;
				CLANG_ANALYZER_NONNULL = YES;
				CLANG_ANALYZER_NUMBER_OBJECT_CONVERSION = YES_AGGRESSIVE;
				CLANG_CXX_LANGUAGE_STANDARD = "gnu++14";
				CLANG_CXX_LIBRARY = "libc++";
				CLANG_ENABLE_MODULES = YES;
				CLANG_ENABLE_OBJC_ARC = YES;
				CLANG_ENABLE_OBJC_WEAK = YES;
				CLANG_WARN_BLOCK_CAPTURE_AUTORELEASING = YES;
				CLANG_WARN_BOOL_CONVERSION = YES;
				CLANG_WARN_COMMA = YES;
				CLANG_WARN_CONSTANT_CONVERSION = YES;
				CLANG_WARN_DEPRECATED_OBJC_IMPLEMENTATIONS = YES;
				CLANG_WARN_DIRECT_OBJC_ISA_USAGE = YES_ERROR;
				CLANG_WARN_DOCUMENTATION_COMMENTS = YES;
				CLANG_WARN_EMPTY_BODY = YES;
				CLANG_WARN_ENUM_CONVERSION = YES;
				CLANG_WARN_INFINITE_RECURSION = YES;
				CLANG_WARN_INT_CONVERSION = YES;
				CLANG_WARN_NON_LITERAL_NULL_CONVERSION = YES;
				CLANG_WARN_OBJC_IMPLICIT_RETAIN_SELF = YES;
				CLANG_WARN_OBJC_LITERAL_CONVERSION = YES;
				CLANG_WARN_OBJC_ROOT_CLASS = YES_ERROR;
				CLANG_WARN_RANGE_LOOP_ANALYSIS = YES;
				CLANG_WARN_STRICT_PROTOTYPES = YES;
				CLANG_WARN_SUSPICIOUS_MOVE = YES;
				CLANG_WARN_UNGUARDED_AVAILABILITY = YES_AGGRESSIVE;
				CLANG_WARN_UNREACHABLE_CODE = YES;
				CLANG_WARN__DUPLICATE_METHOD_MATCH = YES;
				COPY_PHASE_STRIP = NO;
				DEBUG_INFORMATION_FORMAT = dwarf;
				ENABLE_STRICT_OBJC_MSGSEND = YES;
				ENABLE_TESTABILITY = YES;
				GCC_C_LANGUAGE_STANDARD = gnu11;
				GCC_DYNAMIC_NO_PIC = NO;
				GCC_NO_COMMON_BLOCKS = YES;
				GCC_OPTIMIZATION_LEVEL = 0;
				GCC_PREPROCESSOR_DEFINITIONS = (
					"DEBUG=1",
					"$(inherited)",
				);
				GCC_WARN_64_TO_32_BIT_CONVERSION = YES;
				GCC_WARN_ABOUT_RETURN_TYPE = YES_ERROR;
				GCC_WARN_UNDECLARED_SELECTOR = YES;
				GCC_WARN_UNINITIALIZED_AUTOS = YES_AGGRESSIVE;
				GCC_WARN_UNUSED_FUNCTION = YES;
				GCC_WARN_UNUSED_VARIABLE = YES;
				IPHONEOS_DEPLOYMENT_TARGET = 13.6;
				MTL_ENABLE_DEBUG_INFO = INCLUDE_SOURCE;
				MTL_FAST_MATH = YES;
				ONLY_ACTIVE_ARCH = YES;
				SDKROOT = iphoneos;
				SWIFT_ACTIVE_COMPILATION_CONDITIONS = DEBUG;
				SWIFT_OPTIMIZATION_LEVEL = "-Onone";
			};
			name = Debug;
		};
		89A2802B24EACF1300236A06 /* Release */ = {
			isa = XCBuildConfiguration;
			buildSettings = {
				ALWAYS_SEARCH_USER_PATHS = NO;
				CLANG_ANALYZER_NONNULL = YES;
				CLANG_ANALYZER_NUMBER_OBJECT_CONVERSION = YES_AGGRESSIVE;
				CLANG_CXX_LANGUAGE_STANDARD = "gnu++14";
				CLANG_CXX_LIBRARY = "libc++";
				CLANG_ENABLE_MODULES = YES;
				CLANG_ENABLE_OBJC_ARC = YES;
				CLANG_ENABLE_OBJC_WEAK = YES;
				CLANG_WARN_BLOCK_CAPTURE_AUTORELEASING = YES;
				CLANG_WARN_BOOL_CONVERSION = YES;
				CLANG_WARN_COMMA = YES;
				CLANG_WARN_CONSTANT_CONVERSION = YES;
				CLANG_WARN_DEPRECATED_OBJC_IMPLEMENTATIONS = YES;
				CLANG_WARN_DIRECT_OBJC_ISA_USAGE = YES_ERROR;
				CLANG_WARN_DOCUMENTATION_COMMENTS = YES;
				CLANG_WARN_EMPTY_BODY = YES;
				CLANG_WARN_ENUM_CONVERSION = YES;
				CLANG_WARN_INFINITE_RECURSION = YES;
				CLANG_WARN_INT_CONVERSION = YES;
				CLANG_WARN_NON_LITERAL_NULL_CONVERSION = YES;
				CLANG_WARN_OBJC_IMPLICIT_RETAIN_SELF = YES;
				CLANG_WARN_OBJC_LITERAL_CONVERSION = YES;
				CLANG_WARN_OBJC_ROOT_CLASS = YES_ERROR;
				CLANG_WARN_RANGE_LOOP_ANALYSIS = YES;
				CLANG_WARN_STRICT_PROTOTYPES = YES;
				CLANG_WARN_SUSPICIOUS_MOVE = YES;
				CLANG_WARN_UNGUARDED_AVAILABILITY = YES_AGGRESSIVE;
				CLANG_WARN_UNREACHABLE_CODE = YES;
				CLANG_WARN__DUPLICATE_METHOD_MATCH = YES;
				COPY_PHASE_STRIP = NO;
				DEBUG_INFORMATION_FORMAT = "dwarf-with-dsym";
				ENABLE_NS_ASSERTIONS = NO;
				ENABLE_STRICT_OBJC_MSGSEND = YES;
				GCC_C_LANGUAGE_STANDARD = gnu11;
				GCC_NO_COMMON_BLOCKS = YES;
				GCC_WARN_64_TO_32_BIT_CONVERSION = YES;
				GCC_WARN_ABOUT_RETURN_TYPE = YES_ERROR;
				GCC_WARN_UNDECLARED_SELECTOR = YES;
				GCC_WARN_UNINITIALIZED_AUTOS = YES_AGGRESSIVE;
				GCC_WARN_UNUSED_FUNCTION = YES;
				GCC_WARN_UNUSED_VARIABLE = YES;
				IPHONEOS_DEPLOYMENT_TARGET = 13.6;
				MTL_ENABLE_DEBUG_INFO = NO;
				MTL_FAST_MATH = YES;
				SDKROOT = iphoneos;
				SWIFT_COMPILATION_MODE = wholemodule;
				SWIFT_OPTIMIZATION_LEVEL = "-O";
				VALIDATE_PRODUCT = YES;
			};
			name = Release;
		};
		89A2802D24EACF1300236A06 /* Debug */ = {
			isa = XCBuildConfiguration;
			buildSettings = {
				ASSETCATALOG_COMPILER_APPICON_NAME = AppIcon;
				CODE_SIGN_STYLE = Automatic;
				DEVELOPMENT_TEAM = C6C656UCJM;
				INFOPLIST_FILE = LunchPicking/SupportingFiles/Info.plist;
				LD_RUNPATH_SEARCH_PATHS = (
					"$(inherited)",
					"@executable_path/Frameworks",
				);
				PRODUCT_BUNDLE_IDENTIFIER = com.lucasluu.lunchpicking;
				PRODUCT_NAME = "$(TARGET_NAME)";
				SWIFT_VERSION = 5.0;
				TARGETED_DEVICE_FAMILY = "1,2";
			};
			name = Debug;
		};
		89A2802E24EACF1300236A06 /* Release */ = {
			isa = XCBuildConfiguration;
			buildSettings = {
				ASSETCATALOG_COMPILER_APPICON_NAME = AppIcon;
				CODE_SIGN_STYLE = Automatic;
				DEVELOPMENT_TEAM = C6C656UCJM;
				INFOPLIST_FILE = LunchPicking/SupportingFiles/Info.plist;
				LD_RUNPATH_SEARCH_PATHS = (
					"$(inherited)",
					"@executable_path/Frameworks",
				);
				PRODUCT_BUNDLE_IDENTIFIER = com.lucasluu.lunchpicking;
				PRODUCT_NAME = "$(TARGET_NAME)";
				SWIFT_VERSION = 5.0;
				TARGETED_DEVICE_FAMILY = "1,2";
			};
			name = Release;
		};
		89A2803024EACF1300236A06 /* Debug */ = {
			isa = XCBuildConfiguration;
			buildSettings = {
				ALWAYS_EMBED_SWIFT_STANDARD_LIBRARIES = YES;
				BUNDLE_LOADER = "$(TEST_HOST)";
				CODE_SIGN_STYLE = Automatic;
				DEVELOPMENT_TEAM = C6C656UCJM;
				INFOPLIST_FILE = LunchPickingTests/Info.plist;
				IPHONEOS_DEPLOYMENT_TARGET = 13.6;
				LD_RUNPATH_SEARCH_PATHS = (
					"$(inherited)",
					"@executable_path/Frameworks",
					"@loader_path/Frameworks",
				);
				PRODUCT_BUNDLE_IDENTIFIER = com.lucasluu.byt.scannerfood.LunchPickingTests;
				PRODUCT_NAME = "$(TARGET_NAME)";
				SWIFT_VERSION = 5.0;
				TARGETED_DEVICE_FAMILY = "1,2";
				TEST_HOST = "$(BUILT_PRODUCTS_DIR)/LunchPicking.app/LunchPicking";
			};
			name = Debug;
		};
		89A2803124EACF1300236A06 /* Release */ = {
			isa = XCBuildConfiguration;
			buildSettings = {
				ALWAYS_EMBED_SWIFT_STANDARD_LIBRARIES = YES;
				BUNDLE_LOADER = "$(TEST_HOST)";
				CODE_SIGN_STYLE = Automatic;
				DEVELOPMENT_TEAM = C6C656UCJM;
				INFOPLIST_FILE = LunchPickingTests/Info.plist;
				IPHONEOS_DEPLOYMENT_TARGET = 13.6;
				LD_RUNPATH_SEARCH_PATHS = (
					"$(inherited)",
					"@executable_path/Frameworks",
					"@loader_path/Frameworks",
				);
				PRODUCT_BUNDLE_IDENTIFIER = com.lucasluu.byt.scannerfood.LunchPickingTests;
				PRODUCT_NAME = "$(TARGET_NAME)";
				SWIFT_VERSION = 5.0;
				TARGETED_DEVICE_FAMILY = "1,2";
				TEST_HOST = "$(BUILT_PRODUCTS_DIR)/LunchPicking.app/LunchPicking";
			};
			name = Release;
		};
		89A2803324EACF1300236A06 /* Debug */ = {
			isa = XCBuildConfiguration;
			buildSettings = {
				ALWAYS_EMBED_SWIFT_STANDARD_LIBRARIES = YES;
				CODE_SIGN_STYLE = Automatic;
				DEVELOPMENT_TEAM = C6C656UCJM;
				INFOPLIST_FILE = LunchPickingUITests/Info.plist;
				LD_RUNPATH_SEARCH_PATHS = (
					"$(inherited)",
					"@executable_path/Frameworks",
					"@loader_path/Frameworks",
				);
				PRODUCT_BUNDLE_IDENTIFIER = com.lucasluu.byt.scannerfood.LunchPickingUITests;
				PRODUCT_NAME = "$(TARGET_NAME)";
				SWIFT_VERSION = 5.0;
				TARGETED_DEVICE_FAMILY = "1,2";
				TEST_TARGET_NAME = LunchPicking;
			};
			name = Debug;
		};
		89A2803424EACF1300236A06 /* Release */ = {
			isa = XCBuildConfiguration;
			buildSettings = {
				ALWAYS_EMBED_SWIFT_STANDARD_LIBRARIES = YES;
				CODE_SIGN_STYLE = Automatic;
				DEVELOPMENT_TEAM = C6C656UCJM;
				INFOPLIST_FILE = LunchPickingUITests/Info.plist;
				LD_RUNPATH_SEARCH_PATHS = (
					"$(inherited)",
					"@executable_path/Frameworks",
					"@loader_path/Frameworks",
				);
				PRODUCT_BUNDLE_IDENTIFIER = com.lucasluu.byt.scannerfood.LunchPickingUITests;
				PRODUCT_NAME = "$(TARGET_NAME)";
				SWIFT_VERSION = 5.0;
				TARGETED_DEVICE_FAMILY = "1,2";
				TEST_TARGET_NAME = LunchPicking;
			};
			name = Release;
		};
/* End XCBuildConfiguration section */

/* Begin XCConfigurationList section */
		89A27FFA24EACF0B00236A06 /* Build configuration list for PBXProject "LunchPicking" */ = {
			isa = XCConfigurationList;
			buildConfigurations = (
				89A2802A24EACF1300236A06 /* Debug */,
				89A2802B24EACF1300236A06 /* Release */,
			);
			defaultConfigurationIsVisible = 0;
			defaultConfigurationName = Release;
		};
		89A2802C24EACF1300236A06 /* Build configuration list for PBXNativeTarget "LunchPicking" */ = {
			isa = XCConfigurationList;
			buildConfigurations = (
				89A2802D24EACF1300236A06 /* Debug */,
				89A2802E24EACF1300236A06 /* Release */,
			);
			defaultConfigurationIsVisible = 0;
			defaultConfigurationName = Release;
		};
		89A2802F24EACF1300236A06 /* Build configuration list for PBXNativeTarget "LunchPickingTests" */ = {
			isa = XCConfigurationList;
			buildConfigurations = (
				89A2803024EACF1300236A06 /* Debug */,
				89A2803124EACF1300236A06 /* Release */,
			);
			defaultConfigurationIsVisible = 0;
			defaultConfigurationName = Release;
		};
		89A2803224EACF1300236A06 /* Build configuration list for PBXNativeTarget "LunchPickingUITests" */ = {
			isa = XCConfigurationList;
			buildConfigurations = (
				89A2803324EACF1300236A06 /* Debug */,
				89A2803424EACF1300236A06 /* Release */,
			);
			defaultConfigurationIsVisible = 0;
			defaultConfigurationName = Release;
		};
/* End XCConfigurationList section */

/* Begin XCVersionGroup section */
		89A2800B24EACF0B00236A06 /* LunchPicking.xcdatamodeld */ = {
			isa = XCVersionGroup;
			children = (
				89A2800C24EACF0B00236A06 /* LunchPicking.xcdatamodel */,
			);
			currentVersion = 89A2800C24EACF0B00236A06 /* LunchPicking.xcdatamodel */;
			path = LunchPicking.xcdatamodeld;
			sourceTree = "<group>";
			versionGroupType = wrapper.xcdatamodel;
		};
/* End XCVersionGroup section */
	};
	rootObject = 89A27FF724EACF0B00236A06 /* Project object */;
}
